Microsoft Visual Studio Solution File, Format Version 12.00
# Visual Studio Version 17
VisualStudioVersion = 17.3.32922.545
MinimumVisualStudioVersion = 10.0.40219.1
Project("{9A19103F-16F7-4668-BE54-9A1E7A4F7556}") = "CompOversizedWeapon", "CompOversizedWeapon\CompOversizedWeapon.csproj", "{CAF931FF-E82A-4CBE-9E83-4E7658794832}"
EndProject
Global
	GlobalSection(SolutionConfigurationPlatforms) = preSolution
		Debug|Any CPU = Debug|Any CPU
		Release|Any CPU = Release|Any CPU
	EndGlobalSection
	GlobalSection(ProjectConfigurationPlatforms) = postSolution
		{CAF931FF-E82A-4CBE-9E83-4E7658794832}.Debug|Any CPU.ActiveCfg = Debug|Any CPU
		{CAF931FF-E82A-4CBE-9E83-4E7658794832}.Debug|Any CPU.Build.0 = Debug|Any CPU
		{CAF931FF-E82A-4CBE-9E83-4E7658794832}.Release|Any CPU.ActiveCfg = Release|Any CPU
		{CAF931FF-E82A-4CBE-9E83-4E7658794832}.Release|Any CPU.Build.0 = Release|Any CPU
	EndGlobalSection
	GlobalSection(SolutionProperties) = preSolution
		HideSolutionNode = FALSE
	EndGlobalSection
	GlobalSection(ExtensibilityGlobals) = postSolution
		SolutionGuid = {759d2ae5-1dcd-4485-8345-974bdc72a82f}
	EndGlobalSection
EndGlobal
